// !$*UTF8*$!
{
	archiveVersion = 1;
	classes = {
	};
	objectVersion = 56;
	objects = {

/* Begin PBXBuildFile section */
		842946542B26446900F05509 /* Day9A.swift in Sources */ = {isa = PBXBuildFile; fileRef = 842946532B26446900F05509 /* Day9A.swift */; };
		842946562B26447600F05509 /* Day9B.swift in Sources */ = {isa = PBXBuildFile; fileRef = 842946552B26447600F05509 /* Day9B.swift */; };
		842946582B26448800F05509 /* Day10A.swift in Sources */ = {isa = PBXBuildFile; fileRef = 842946572B26448800F05509 /* Day10A.swift */; };
		8429465A2B26449100F05509 /* Day10B.swift in Sources */ = {isa = PBXBuildFile; fileRef = 842946592B26449100F05509 /* Day10B.swift */; };
		8429465C2B26449B00F05509 /* Day11A.swift in Sources */ = {isa = PBXBuildFile; fileRef = 8429465B2B26449B00F05509 /* Day11A.swift */; };
		8429465E2B2644AC00F05509 /* Day11B.swift in Sources */ = {isa = PBXBuildFile; fileRef = 8429465D2B2644AC00F05509 /* Day11B.swift */; };
		842946612B276A1C00F05509 /* Array+Extensions.swift in Sources */ = {isa = PBXBuildFile; fileRef = 842946602B276A1C00F05509 /* Array+Extensions.swift */; };
		C82278D22B1DF006003C61A5 /* main.swift in Sources */ = {isa = PBXBuildFile; fileRef = C82278D12B1DF006003C61A5 /* main.swift */; };
		C82278D92B1DF05C003C61A5 /* Day1A.swift in Sources */ = {isa = PBXBuildFile; fileRef = C82278D82B1DF05C003C61A5 /* Day1A.swift */; };
		C82278DB2B1DF79F003C61A5 /* Day1B.swift in Sources */ = {isa = PBXBuildFile; fileRef = C82278DA2B1DF79F003C61A5 /* Day1B.swift */; };
		C82278DD2B1DF8F4003C61A5 /* Day2A.swift in Sources */ = {isa = PBXBuildFile; fileRef = C82278DC2B1DF8F4003C61A5 /* Day2A.swift */; };
		C82278DF2B1DF900003C61A5 /* Day2B.swift in Sources */ = {isa = PBXBuildFile; fileRef = C82278DE2B1DF900003C61A5 /* Day2B.swift */; };
		C82278E12B1DF970003C61A5 /* Day3A.swift in Sources */ = {isa = PBXBuildFile; fileRef = C82278E02B1DF970003C61A5 /* Day3A.swift */; };
		C82278E32B1DF97A003C61A5 /* Day3B.swift in Sources */ = {isa = PBXBuildFile; fileRef = C82278E22B1DF97A003C61A5 /* Day3B.swift */; };
		C82278E52B1DF985003C61A5 /* Day4A.swift in Sources */ = {isa = PBXBuildFile; fileRef = C82278E42B1DF985003C61A5 /* Day4A.swift */; };
		C82278E72B1DF992003C61A5 /* Day4B.swift in Sources */ = {isa = PBXBuildFile; fileRef = C82278E62B1DF992003C61A5 /* Day4B.swift */; };
		C82278E92B1DF99F003C61A5 /* Day5A.swift in Sources */ = {isa = PBXBuildFile; fileRef = C82278E82B1DF99F003C61A5 /* Day5A.swift */; };
		C82278EB2B1DF9AC003C61A5 /* Day5B.swift in Sources */ = {isa = PBXBuildFile; fileRef = C82278EA2B1DF9AC003C61A5 /* Day5B.swift */; };
		C83946182B20637500D873E6 /* Day6A.swift in Sources */ = {isa = PBXBuildFile; fileRef = C83946172B20637500D873E6 /* Day6A.swift */; };
		C839461A2B20637F00D873E6 /* Day6B.swift in Sources */ = {isa = PBXBuildFile; fileRef = C83946192B20637F00D873E6 /* Day6B.swift */; };
		C839461C2B21B99E00D873E6 /* Day7A.swift in Sources */ = {isa = PBXBuildFile; fileRef = C839461B2B21B99E00D873E6 /* Day7A.swift */; };
		C839461E2B21B9AC00D873E6 /* Day7B.swift in Sources */ = {isa = PBXBuildFile; fileRef = C839461D2B21B9AC00D873E6 /* Day7B.swift */; };
		C83946202B2308ED00D873E6 /* Day8A.swift in Sources */ = {isa = PBXBuildFile; fileRef = C839461F2B2308EC00D873E6 /* Day8A.swift */; };
		C83946222B231F1400D873E6 /* Day8B.swift in Sources */ = {isa = PBXBuildFile; fileRef = C83946212B231F1400D873E6 /* Day8B.swift */; };
		C84B83822B372A14002E9009 /* Day13B.swift in Sources */ = {isa = PBXBuildFile; fileRef = C84B83812B372A14002E9009 /* Day13B.swift */; };
		C8E5B6772B2A51D60086BD92 /* Day13A.swift in Sources */ = {isa = PBXBuildFile; fileRef = C8E5B6762B2A51D60086BD92 /* Day13A.swift */; };
		C8E5B6792B2B58BC0086BD92 /* Day14A.swift in Sources */ = {isa = PBXBuildFile; fileRef = C8E5B6782B2B58BC0086BD92 /* Day14A.swift */; };
		C8E5B67B2B3329070086BD92 /* Day15A.swift in Sources */ = {isa = PBXBuildFile; fileRef = C8E5B67A2B3329070086BD92 /* Day15A.swift */; };
		C8E5B67D2B337BFF0086BD92 /* Day16A.swift in Sources */ = {isa = PBXBuildFile; fileRef = C8E5B67C2B337BFF0086BD92 /* Day16A.swift */; };
		C8E5B67F2B3395FC0086BD92 /* Day16B.swift in Sources */ = {isa = PBXBuildFile; fileRef = C8E5B67E2B3395FC0086BD92 /* Day16B.swift */; };
		C8E5B6852B34D65E0086BD92 /* Day14B.swift in Sources */ = {isa = PBXBuildFile; fileRef = C8E5B6842B34D65E0086BD92 /* Day14B.swift */; };
/* End PBXBuildFile section */

/* Begin PBXCopyFilesBuildPhase section */
		C82278CC2B1DF006003C61A5 /* CopyFiles */ = {
			isa = PBXCopyFilesBuildPhase;
			buildActionMask = 2147483647;
			dstPath = /usr/share/man/man1/;
			dstSubfolderSpec = 0;
			files = (
			);
			runOnlyForDeploymentPostprocessing = 1;
		};
/* End PBXCopyFilesBuildPhase section */

/* Begin PBXFileReference section */
		842946532B26446900F05509 /* Day9A.swift */ = {isa = PBXFileReference; lastKnownFileType = sourcecode.swift; path = Day9A.swift; sourceTree = "<group>"; };
		842946552B26447600F05509 /* Day9B.swift */ = {isa = PBXFileReference; lastKnownFileType = sourcecode.swift; path = Day9B.swift; sourceTree = "<group>"; };
		842946572B26448800F05509 /* Day10A.swift */ = {isa = PBXFileReference; lastKnownFileType = sourcecode.swift; path = Day10A.swift; sourceTree = "<group>"; };
		842946592B26449100F05509 /* Day10B.swift */ = {isa = PBXFileReference; lastKnownFileType = sourcecode.swift; path = Day10B.swift; sourceTree = "<group>"; };
		8429465B2B26449B00F05509 /* Day11A.swift */ = {isa = PBXFileReference; lastKnownFileType = sourcecode.swift; path = Day11A.swift; sourceTree = "<group>"; };
		8429465D2B2644AC00F05509 /* Day11B.swift */ = {isa = PBXFileReference; lastKnownFileType = sourcecode.swift; path = Day11B.swift; sourceTree = "<group>"; };
		842946602B276A1C00F05509 /* Array+Extensions.swift */ = {isa = PBXFileReference; lastKnownFileType = sourcecode.swift; path = "Array+Extensions.swift"; sourceTree = "<group>"; };
		C82278CE2B1DF006003C61A5 /* aoc2023 */ = {isa = PBXFileReference; explicitFileType = "compiled.mach-o.executable"; includeInIndex = 0; path = aoc2023; sourceTree = BUILT_PRODUCTS_DIR; };
		C82278D12B1DF006003C61A5 /* main.swift */ = {isa = PBXFileReference; lastKnownFileType = sourcecode.swift; path = main.swift; sourceTree = "<group>"; };
		C82278D82B1DF05C003C61A5 /* Day1A.swift */ = {isa = PBXFileReference; lastKnownFileType = sourcecode.swift; path = Day1A.swift; sourceTree = "<group>"; };
		C82278DA2B1DF79F003C61A5 /* Day1B.swift */ = {isa = PBXFileReference; lastKnownFileType = sourcecode.swift; path = Day1B.swift; sourceTree = "<group>"; };
		C82278DC2B1DF8F4003C61A5 /* Day2A.swift */ = {isa = PBXFileReference; lastKnownFileType = sourcecode.swift; path = Day2A.swift; sourceTree = "<group>"; };
		C82278DE2B1DF900003C61A5 /* Day2B.swift */ = {isa = PBXFileReference; lastKnownFileType = sourcecode.swift; path = Day2B.swift; sourceTree = "<group>"; };
		C82278E02B1DF970003C61A5 /* Day3A.swift */ = {isa = PBXFileReference; lastKnownFileType = sourcecode.swift; path = Day3A.swift; sourceTree = "<group>"; };
		C82278E22B1DF97A003C61A5 /* Day3B.swift */ = {isa = PBXFileReference; lastKnownFileType = sourcecode.swift; path = Day3B.swift; sourceTree = "<group>"; };
		C82278E42B1DF985003C61A5 /* Day4A.swift */ = {isa = PBXFileReference; lastKnownFileType = sourcecode.swift; path = Day4A.swift; sourceTree = "<group>"; };
		C82278E62B1DF992003C61A5 /* Day4B.swift */ = {isa = PBXFileReference; lastKnownFileType = sourcecode.swift; path = Day4B.swift; sourceTree = "<group>"; };
		C82278E82B1DF99F003C61A5 /* Day5A.swift */ = {isa = PBXFileReference; lastKnownFileType = sourcecode.swift; path = Day5A.swift; sourceTree = "<group>"; };
		C82278EA2B1DF9AC003C61A5 /* Day5B.swift */ = {isa = PBXFileReference; lastKnownFileType = sourcecode.swift; path = Day5B.swift; sourceTree = "<group>"; };
		C83946172B20637500D873E6 /* Day6A.swift */ = {isa = PBXFileReference; lastKnownFileType = sourcecode.swift; path = Day6A.swift; sourceTree = "<group>"; };
		C83946192B20637F00D873E6 /* Day6B.swift */ = {isa = PBXFileReference; lastKnownFileType = sourcecode.swift; path = Day6B.swift; sourceTree = "<group>"; };
		C839461B2B21B99E00D873E6 /* Day7A.swift */ = {isa = PBXFileReference; lastKnownFileType = sourcecode.swift; path = Day7A.swift; sourceTree = "<group>"; };
		C839461D2B21B9AC00D873E6 /* Day7B.swift */ = {isa = PBXFileReference; lastKnownFileType = sourcecode.swift; path = Day7B.swift; sourceTree = "<group>"; };
		C839461F2B2308EC00D873E6 /* Day8A.swift */ = {isa = PBXFileReference; lastKnownFileType = sourcecode.swift; path = Day8A.swift; sourceTree = "<group>"; };
		C83946212B231F1400D873E6 /* Day8B.swift */ = {isa = PBXFileReference; lastKnownFileType = sourcecode.swift; path = Day8B.swift; sourceTree = "<group>"; };
		C84B83812B372A14002E9009 /* Day13B.swift */ = {isa = PBXFileReference; lastKnownFileType = sourcecode.swift; path = Day13B.swift; sourceTree = "<group>"; };
		C8E5B6762B2A51D60086BD92 /* Day13A.swift */ = {isa = PBXFileReference; lastKnownFileType = sourcecode.swift; path = Day13A.swift; sourceTree = "<group>"; };
		C8E5B6782B2B58BC0086BD92 /* Day14A.swift */ = {isa = PBXFileReference; lastKnownFileType = sourcecode.swift; path = Day14A.swift; sourceTree = "<group>"; };
		C8E5B67A2B3329070086BD92 /* Day15A.swift */ = {isa = PBXFileReference; lastKnownFileType = sourcecode.swift; path = Day15A.swift; sourceTree = "<group>"; };
		C8E5B67C2B337BFF0086BD92 /* Day16A.swift */ = {isa = PBXFileReference; lastKnownFileType = sourcecode.swift; path = Day16A.swift; sourceTree = "<group>"; };
		C8E5B67E2B3395FC0086BD92 /* Day16B.swift */ = {isa = PBXFileReference; lastKnownFileType = sourcecode.swift; path = Day16B.swift; sourceTree = "<group>"; };
		C8E5B6842B34D65E0086BD92 /* Day14B.swift */ = {isa = PBXFileReference; lastKnownFileType = sourcecode.swift; path = Day14B.swift; sourceTree = "<group>"; };
/* End PBXFileReference section */

/* Begin PBXFrameworksBuildPhase section */
		C82278CB2B1DF006003C61A5 /* Frameworks */ = {
			isa = PBXFrameworksBuildPhase;
			buildActionMask = 2147483647;
			files = (
			);
			runOnlyForDeploymentPostprocessing = 0;
		};
/* End PBXFrameworksBuildPhase section */

/* Begin PBXGroup section */
		8429465F2B276A0700F05509 /* Extensions */ = {
			isa = PBXGroup;
			children = (
				842946602B276A1C00F05509 /* Array+Extensions.swift */,
			);
			path = Extensions;
			sourceTree = "<group>";
		};
		C82278C52B1DF006003C61A5 = {
			isa = PBXGroup;
			children = (
				C82278D02B1DF006003C61A5 /* aoc2023 */,
				C82278CF2B1DF006003C61A5 /* Products */,
			);
			sourceTree = "<group>";
		};
		C82278CF2B1DF006003C61A5 /* Products */ = {
			isa = PBXGroup;
			children = (
				C82278CE2B1DF006003C61A5 /* aoc2023 */,
			);
			name = Products;
			sourceTree = "<group>";
		};
		C82278D02B1DF006003C61A5 /* aoc2023 */ = {
			isa = PBXGroup;
			children = (
				8429465F2B276A0700F05509 /* Extensions */,
				C82278D12B1DF006003C61A5 /* main.swift */,
				C82278D82B1DF05C003C61A5 /* Day1A.swift */,
				C82278DA2B1DF79F003C61A5 /* Day1B.swift */,
				C82278DC2B1DF8F4003C61A5 /* Day2A.swift */,
				C82278DE2B1DF900003C61A5 /* Day2B.swift */,
				C82278E02B1DF970003C61A5 /* Day3A.swift */,
				C82278E22B1DF97A003C61A5 /* Day3B.swift */,
				C82278E42B1DF985003C61A5 /* Day4A.swift */,
				C82278E62B1DF992003C61A5 /* Day4B.swift */,
				C82278E82B1DF99F003C61A5 /* Day5A.swift */,
				C82278EA2B1DF9AC003C61A5 /* Day5B.swift */,
				C83946172B20637500D873E6 /* Day6A.swift */,
				C83946192B20637F00D873E6 /* Day6B.swift */,
				C839461B2B21B99E00D873E6 /* Day7A.swift */,
				C839461D2B21B9AC00D873E6 /* Day7B.swift */,
				C839461F2B2308EC00D873E6 /* Day8A.swift */,
				C83946212B231F1400D873E6 /* Day8B.swift */,
				842946532B26446900F05509 /* Day9A.swift */,
				842946552B26447600F05509 /* Day9B.swift */,
				842946572B26448800F05509 /* Day10A.swift */,
				842946592B26449100F05509 /* Day10B.swift */,
				8429465B2B26449B00F05509 /* Day11A.swift */,
				8429465D2B2644AC00F05509 /* Day11B.swift */,
				C8E5B6762B2A51D60086BD92 /* Day13A.swift */,
				C84B83812B372A14002E9009 /* Day13B.swift */,
				C8E5B6782B2B58BC0086BD92 /* Day14A.swift */,
				C8E5B6842B34D65E0086BD92 /* Day14B.swift */,
				C8E5B67A2B3329070086BD92 /* Day15A.swift */,
				C8E5B67C2B337BFF0086BD92 /* Day16A.swift */,
				C8E5B67E2B3395FC0086BD92 /* Day16B.swift */,
			);
			path = aoc2023;
			sourceTree = "<group>";
		};
/* End PBXGroup section */

/* Begin PBXNativeTarget section */
		C82278CD2B1DF006003C61A5 /* aoc2023 */ = {
			isa = PBXNativeTarget;
			buildConfigurationList = C82278D52B1DF006003C61A5 /* Build configuration list for PBXNativeTarget "aoc2023" */;
			buildPhases = (
				C82278CA2B1DF006003C61A5 /* Sources */,
				C82278CB2B1DF006003C61A5 /* Frameworks */,
				C82278CC2B1DF006003C61A5 /* CopyFiles */,
			);
			buildRules = (
			);
			dependencies = (
			);
			name = aoc2023;
			productName = aoc2023;
			productReference = C82278CE2B1DF006003C61A5 /* aoc2023 */;
			productType = "com.apple.product-type.tool";
		};
/* End PBXNativeTarget section */

/* Begin PBXProject section */
		C82278C62B1DF006003C61A5 /* Project object */ = {
			isa = PBXProject;
			attributes = {
				BuildIndependentTargetsInParallel = 1;
				LastSwiftUpdateCheck = 1410;
				LastUpgradeCheck = 1410;
				TargetAttributes = {
					C82278CD2B1DF006003C61A5 = {
						CreatedOnToolsVersion = 14.1;
					};
				};
			};
			buildConfigurationList = C82278C92B1DF006003C61A5 /* Build configuration list for PBXProject "aoc2023" */;
			compatibilityVersion = "Xcode 14.0";
			developmentRegion = en;
			hasScannedForEncodings = 0;
			knownRegions = (
				en,
				Base,
			);
			mainGroup = C82278C52B1DF006003C61A5;
			productRefGroup = C82278CF2B1DF006003C61A5 /* Products */;
			projectDirPath = "";
			projectRoot = "";
			targets = (
				C82278CD2B1DF006003C61A5 /* aoc2023 */,
			);
		};
/* End PBXProject section */

/* Begin PBXSourcesBuildPhase section */
		C82278CA2B1DF006003C61A5 /* Sources */ = {
			isa = PBXSourcesBuildPhase;
			buildActionMask = 2147483647;
			files = (
				C82278EB2B1DF9AC003C61A5 /* Day5B.swift in Sources */,
				C84B83822B372A14002E9009 /* Day13B.swift in Sources */,
				C82278D92B1DF05C003C61A5 /* Day1A.swift in Sources */,
				C8E5B6852B34D65E0086BD92 /* Day14B.swift in Sources */,
				C83946222B231F1400D873E6 /* Day8B.swift in Sources */,
				C839461C2B21B99E00D873E6 /* Day7A.swift in Sources */,
				842946612B276A1C00F05509 /* Array+Extensions.swift in Sources */,
				C82278E52B1DF985003C61A5 /* Day4A.swift in Sources */,
				C82278DB2B1DF79F003C61A5 /* Day1B.swift in Sources */,
				C82278DF2B1DF900003C61A5 /* Day2B.swift in Sources */,
				C8E5B67B2B3329070086BD92 /* Day15A.swift in Sources */,
				C839461E2B21B9AC00D873E6 /* Day7B.swift in Sources */,
				C82278E72B1DF992003C61A5 /* Day4B.swift in Sources */,
				8429465C2B26449B00F05509 /* Day11A.swift in Sources */,
				C82278D22B1DF006003C61A5 /* main.swift in Sources */,
				C839461A2B20637F00D873E6 /* Day6B.swift in Sources */,
				C8E5B67F2B3395FC0086BD92 /* Day16B.swift in Sources */,
				C83946182B20637500D873E6 /* Day6A.swift in Sources */,
				8429465E2B2644AC00F05509 /* Day11B.swift in Sources */,
				842946562B26447600F05509 /* Day9B.swift in Sources */,
				C82278E92B1DF99F003C61A5 /* Day5A.swift in Sources */,
				C82278E32B1DF97A003C61A5 /* Day3B.swift in Sources */,
				C8E5B6772B2A51D60086BD92 /* Day13A.swift in Sources */,
				C83946202B2308ED00D873E6 /* Day8A.swift in Sources */,
				C82278E12B1DF970003C61A5 /* Day3A.swift in Sources */,
				8429465A2B26449100F05509 /* Day10B.swift in Sources */,
				842946582B26448800F05509 /* Day10A.swift in Sources */,
				842946542B26446900F05509 /* Day9A.swift in Sources */,
				C8E5B67D2B337BFF0086BD92 /* Day16A.swift in Sources */,
				C82278DD2B1DF8F4003C61A5 /* Day2A.swift in Sources */,
				C8E5B6792B2B58BC0086BD92 /* Day14A.swift in Sources */,
			);
			runOnlyForDeploymentPostprocessing = 0;
		};
/* End PBXSourcesBuildPhase section */

/* Begin XCBuildConfiguration section */
		C82278D32B1DF006003C61A5 /* Debug */ = {
			isa = XCBuildConfiguration;
			buildSettings = {
				ALWAYS_SEARCH_USER_PATHS = NO;
				CLANG_ANALYZER_NONNULL = YES;
				CLANG_ANALYZER_NUMBER_OBJECT_CONVERSION = YES_AGGRESSIVE;
				CLANG_CXX_LANGUAGE_STANDARD = "gnu++20";
				CLANG_ENABLE_MODULES = YES;
				CLANG_ENABLE_OBJC_ARC = YES;
				CLANG_ENABLE_OBJC_WEAK = YES;
				CLANG_WARN_BLOCK_CAPTURE_AUTORELEASING = YES;
				CLANG_WARN_BOOL_CONVERSION = YES;
				CLANG_WARN_COMMA = YES;
				CLANG_WARN_CONSTANT_CONVERSION = YES;
				CLANG_WARN_DEPRECATED_OBJC_IMPLEMENTATIONS = YES;
				CLANG_WARN_DIRECT_OBJC_ISA_USAGE = YES_ERROR;
				CLANG_WARN_DOCUMENTATION_COMMENTS = YES;
				CLANG_WARN_EMPTY_BODY = YES;
				CLANG_WARN_ENUM_CONVERSION = YES;
				CLANG_WARN_INFINITE_RECURSION = YES;
				CLANG_WARN_INT_CONVERSION = YES;
				CLANG_WARN_NON_LITERAL_NULL_CONVERSION = YES;
				CLANG_WARN_OBJC_IMPLICIT_RETAIN_SELF = YES;
				CLANG_WARN_OBJC_LITERAL_CONVERSION = YES;
				CLANG_WARN_OBJC_ROOT_CLASS = YES_ERROR;
				CLANG_WARN_QUOTED_INCLUDE_IN_FRAMEWORK_HEADER = YES;
				CLANG_WARN_RANGE_LOOP_ANALYSIS = YES;
				CLANG_WARN_STRICT_PROTOTYPES = YES;
				CLANG_WARN_SUSPICIOUS_MOVE = YES;
				CLANG_WARN_UNGUARDED_AVAILABILITY = YES_AGGRESSIVE;
				CLANG_WARN_UNREACHABLE_CODE = YES;
				CLANG_WARN__DUPLICATE_METHOD_MATCH = YES;
				COPY_PHASE_STRIP = NO;
				DEBUG_INFORMATION_FORMAT = dwarf;
				ENABLE_STRICT_OBJC_MSGSEND = YES;
				ENABLE_TESTABILITY = YES;
				GCC_C_LANGUAGE_STANDARD = gnu11;
				GCC_DYNAMIC_NO_PIC = NO;
				GCC_NO_COMMON_BLOCKS = YES;
				GCC_OPTIMIZATION_LEVEL = 0;
				GCC_PREPROCESSOR_DEFINITIONS = (
					"DEBUG=1",
					"$(inherited)",
				);
				GCC_WARN_64_TO_32_BIT_CONVERSION = YES;
				GCC_WARN_ABOUT_RETURN_TYPE = YES_ERROR;
				GCC_WARN_UNDECLARED_SELECTOR = YES;
				GCC_WARN_UNINITIALIZED_AUTOS = YES_AGGRESSIVE;
				GCC_WARN_UNUSED_FUNCTION = YES;
				GCC_WARN_UNUSED_VARIABLE = YES;
				MACOSX_DEPLOYMENT_TARGET = 13.0;
				MTL_ENABLE_DEBUG_INFO = INCLUDE_SOURCE;
				MTL_FAST_MATH = YES;
				ONLY_ACTIVE_ARCH = YES;
				SDKROOT = macosx;
				SWIFT_ACTIVE_COMPILATION_CONDITIONS = DEBUG;
				SWIFT_OPTIMIZATION_LEVEL = "-Onone";
			};
			name = Debug;
		};
		C82278D42B1DF006003C61A5 /* Release */ = {
			isa = XCBuildConfiguration;
			buildSettings = {
				ALWAYS_SEARCH_USER_PATHS = NO;
				CLANG_ANALYZER_NONNULL = YES;
				CLANG_ANALYZER_NUMBER_OBJECT_CONVERSION = YES_AGGRESSIVE;
				CLANG_CXX_LANGUAGE_STANDARD = "gnu++20";
				CLANG_ENABLE_MODULES = YES;
				CLANG_ENABLE_OBJC_ARC = YES;
				CLANG_ENABLE_OBJC_WEAK = YES;
				CLANG_WARN_BLOCK_CAPTURE_AUTORELEASING = YES;
				CLANG_WARN_BOOL_CONVERSION = YES;
				CLANG_WARN_COMMA = YES;
				CLANG_WARN_CONSTANT_CONVERSION = YES;
				CLANG_WARN_DEPRECATED_OBJC_IMPLEMENTATIONS = YES;
				CLANG_WARN_DIRECT_OBJC_ISA_USAGE = YES_ERROR;
				CLANG_WARN_DOCUMENTATION_COMMENTS = YES;
				CLANG_WARN_EMPTY_BODY = YES;
				CLANG_WARN_ENUM_CONVERSION = YES;
				CLANG_WARN_INFINITE_RECURSION = YES;
				CLANG_WARN_INT_CONVERSION = YES;
				CLANG_WARN_NON_LITERAL_NULL_CONVERSION = YES;
				CLANG_WARN_OBJC_IMPLICIT_RETAIN_SELF = YES;
				CLANG_WARN_OBJC_LITERAL_CONVERSION = YES;
				CLANG_WARN_OBJC_ROOT_CLASS = YES_ERROR;
				CLANG_WARN_QUOTED_INCLUDE_IN_FRAMEWORK_HEADER = YES;
				CLANG_WARN_RANGE_LOOP_ANALYSIS = YES;
				CLANG_WARN_STRICT_PROTOTYPES = YES;
				CLANG_WARN_SUSPICIOUS_MOVE = YES;
				CLANG_WARN_UNGUARDED_AVAILABILITY = YES_AGGRESSIVE;
				CLANG_WARN_UNREACHABLE_CODE = YES;
				CLANG_WARN__DUPLICATE_METHOD_MATCH = YES;
				COPY_PHASE_STRIP = NO;
				DEBUG_INFORMATION_FORMAT = "dwarf-with-dsym";
				ENABLE_NS_ASSERTIONS = NO;
				ENABLE_STRICT_OBJC_MSGSEND = YES;
				GCC_C_LANGUAGE_STANDARD = gnu11;
				GCC_NO_COMMON_BLOCKS = YES;
				GCC_WARN_64_TO_32_BIT_CONVERSION = YES;
				GCC_WARN_ABOUT_RETURN_TYPE = YES_ERROR;
				GCC_WARN_UNDECLARED_SELECTOR = YES;
				GCC_WARN_UNINITIALIZED_AUTOS = YES_AGGRESSIVE;
				GCC_WARN_UNUSED_FUNCTION = YES;
				GCC_WARN_UNUSED_VARIABLE = YES;
				MACOSX_DEPLOYMENT_TARGET = 13.0;
				MTL_ENABLE_DEBUG_INFO = NO;
				MTL_FAST_MATH = YES;
				SDKROOT = macosx;
				SWIFT_COMPILATION_MODE = wholemodule;
				SWIFT_OPTIMIZATION_LEVEL = "-O";
			};
			name = Release;
		};
		C82278D62B1DF006003C61A5 /* Debug */ = {
			isa = XCBuildConfiguration;
			buildSettings = {
				CODE_SIGN_STYLE = Automatic;
				DEVELOPMENT_TEAM = "";
				ENABLE_HARDENED_RUNTIME = YES;
				PRODUCT_NAME = "$(TARGET_NAME)";
				SWIFT_VERSION = 5.0;
			};
			name = Debug;
		};
		C82278D72B1DF006003C61A5 /* Release */ = {
			isa = XCBuildConfiguration;
			buildSettings = {
				CODE_SIGN_STYLE = Automatic;
				DEVELOPMENT_TEAM = "";
				ENABLE_HARDENED_RUNTIME = YES;
				PRODUCT_NAME = "$(TARGET_NAME)";
				SWIFT_VERSION = 5.0;
			};
			name = Release;
		};
/* End XCBuildConfiguration section */

/* Begin XCConfigurationList section */
		C82278C92B1DF006003C61A5 /* Build configuration list for PBXProject "aoc2023" */ = {
			isa = XCConfigurationList;
			buildConfigurations = (
				C82278D32B1DF006003C61A5 /* Debug */,
				C82278D42B1DF006003C61A5 /* Release */,
			);
			defaultConfigurationIsVisible = 0;
			defaultConfigurationName = Release;
		};
		C82278D52B1DF006003C61A5 /* Build configuration list for PBXNativeTarget "aoc2023" */ = {
			isa = XCConfigurationList;
			buildConfigurations = (
				C82278D62B1DF006003C61A5 /* Debug */,
				C82278D72B1DF006003C61A5 /* Release */,
			);
			defaultConfigurationIsVisible = 0;
			defaultConfigurationName = Release;
		};
/* End XCConfigurationList section */
	};
	rootObject = C82278C62B1DF006003C61A5 /* Project object */;
}
